
Microsoft Visual Studio Solution File, Format Version 11.00
# Visual Studio 2010
Project("{FAE04EC0-301F-11D3-BF4B-00C04F79EFBC}") = "Cap05", "Cap05\Cap05.csproj", "{52F41400-6768-4AB0-ABA3-6AC60440DB74}"
EndProject
Global
	GlobalSection(SolutionConfigurationPlatforms) = preSolution
		Debug|Any CPU = Debug|Any CPU
		Release|Any CPU = Release|Any CPU
	EndGlobalSection
	GlobalSection(ProjectConfigurationPlatforms) = postSolution
		{52F41400-6768-4AB0-ABA3-6AC60440DB74}.Debug|Any CPU.ActiveCfg = Debug|Any CPU
		{52F41400-6768-4AB0-ABA3-6AC60440DB74}.Debug|Any CPU.Build.0 = Debug|Any CPU
		{52F41400-6768-4AB0-ABA3-6AC60440DB74}.Release|Any CPU.ActiveCfg = Release|Any CPU
		{52F41400-6768-4AB0-ABA3-6AC60440DB74}.Release|Any CPU.Build.0 = Release|Any CPU
	EndGlobalSection
	GlobalSection(SolutionProperties) = preSolution
		HideSolutionNode = FALSE
	EndGlobalSection
EndGlobal
