
Microsoft Visual Studio Solution File, Format Version 11.00
# Visual Studio 2010
Project("{FAE04EC0-301F-11D3-BF4B-00C04F79EFBC}") = "Cap12", "Cap12\Cap12.csproj", "{FF1DEED0-33E5-45C4-B97E-089F0FFF81D2}"
EndProject
Project("{FAE04EC0-301F-11D3-BF4B-00C04F79EFBC}") = "WcfService1", "WcfService1\WcfService1.csproj", "{DDF76326-E431-414B-AC2E-19463CC1B792}"
EndProject
Global
	GlobalSection(SolutionConfigurationPlatforms) = preSolution
		Debug|Any CPU = Debug|Any CPU
		Release|Any CPU = Release|Any CPU
	EndGlobalSection
	GlobalSection(ProjectConfigurationPlatforms) = postSolution
		{FF1DEED0-33E5-45C4-B97E-089F0FFF81D2}.Debug|Any CPU.ActiveCfg = Debug|Any CPU
		{FF1DEED0-33E5-45C4-B97E-089F0FFF81D2}.Debug|Any CPU.Build.0 = Debug|Any CPU
		{FF1DEED0-33E5-45C4-B97E-089F0FFF81D2}.Release|Any CPU.ActiveCfg = Release|Any CPU
		{FF1DEED0-33E5-45C4-B97E-089F0FFF81D2}.Release|Any CPU.Build.0 = Release|Any CPU
		{DDF76326-E431-414B-AC2E-19463CC1B792}.Debug|Any CPU.ActiveCfg = Debug|Any CPU
		{DDF76326-E431-414B-AC2E-19463CC1B792}.Debug|Any CPU.Build.0 = Debug|Any CPU
		{DDF76326-E431-414B-AC2E-19463CC1B792}.Release|Any CPU.ActiveCfg = Release|Any CPU
		{DDF76326-E431-414B-AC2E-19463CC1B792}.Release|Any CPU.Build.0 = Release|Any CPU
	EndGlobalSection
	GlobalSection(SolutionProperties) = preSolution
		HideSolutionNode = FALSE
	EndGlobalSection
EndGlobal
